
Microsoft Visual Studio Solution File, Format Version 12.00
# Visual Studio Version 17
VisualStudioVersion = 17.4.33213.308
MinimumVisualStudioVersion = 10.0.40219.1
Project("{FAE04EC0-301F-11D3-BF4B-00C04F79EFBC}") = "PruebaFontana-JuanHuamani", "PruebaFontana-JuanHuamani\PruebaFontana-JuanHuamani.csproj", "{3BBC3FCE-F2F8-42FA-A3B1-C5FA68E6E518}"
EndProject
Global
	GlobalSection(SolutionConfigurationPlatforms) = preSolution
		Debug|Any CPU = Debug|Any CPU
		Release|Any CPU = Release|Any CPU
	EndGlobalSection
	GlobalSection(ProjectConfigurationPlatforms) = postSolution
		{3BBC3FCE-F2F8-42FA-A3B1-C5FA68E6E518}.Debug|Any CPU.ActiveCfg = Debug|Any CPU
		{3BBC3FCE-F2F8-42FA-A3B1-C5FA68E6E518}.Debug|Any CPU.Build.0 = Debug|Any CPU
		{3BBC3FCE-F2F8-42FA-A3B1-C5FA68E6E518}.Release|Any CPU.ActiveCfg = Release|Any CPU
		{3BBC3FCE-F2F8-42FA-A3B1-C5FA68E6E518}.Release|Any CPU.Build.0 = Release|Any CPU
	EndGlobalSection
	GlobalSection(SolutionProperties) = preSolution
		HideSolutionNode = FALSE
	EndGlobalSection
	GlobalSection(ExtensibilityGlobals) = postSolution
		SolutionGuid = {A0ADD17F-5E75-4E9D-B02A-94FA95B87337}
	EndGlobalSection
EndGlobal
